
Microsoft Visual Studio Solution File, Format Version 12.00
# Visual Studio 14
VisualStudioVersion = 14.0.25123.0
MinimumVisualStudioVersion = 10.0.40219.1
Project("{FAE04EC0-301F-11D3-BF4B-00C04F79EFBC}") = "Mithril", "Mithril\Mithril.csproj", "{9E81908A-15B8-4807-A861-A5A194A10933}"
EndProject
Project("{2150E333-8FDC-42A3-9474-1A3956D46DE8}") = "010 Editor", "010 Editor", "{664E7BC2-B8F0-4B48-9FD1-01C3FE3F5BE8}"
	ProjectSection(SolutionItems) = preProject
		.gitattributes = .gitattributes
		.gitignore = .gitignore
		Mithril\010 Editor\HSC.bt = Mithril\010 Editor\HSC.bt
		LICENSE = LICENSE
		README.md = README.md
	EndProjectSection
EndProject
Global
	GlobalSection(SolutionConfigurationPlatforms) = preSolution
		Debug|Any CPU = Debug|Any CPU
		Release|Any CPU = Release|Any CPU
	EndGlobalSection
	GlobalSection(ProjectConfigurationPlatforms) = postSolution
		{9E81908A-15B8-4807-A861-A5A194A10933}.Debug|Any CPU.ActiveCfg = Debug|Any CPU
		{9E81908A-15B8-4807-A861-A5A194A10933}.Debug|Any CPU.Build.0 = Debug|Any CPU
		{9E81908A-15B8-4807-A861-A5A194A10933}.Release|Any CPU.ActiveCfg = Release|Any CPU
		{9E81908A-15B8-4807-A861-A5A194A10933}.Release|Any CPU.Build.0 = Release|Any CPU
	EndGlobalSection
	GlobalSection(SolutionProperties) = preSolution
		HideSolutionNode = FALSE
	EndGlobalSection
	GlobalSection(ExtensibilityGlobals) = postSolution
		SolutionGuid = {CE8D9937-2273-4F99-9735-CA903F495C3E}
	EndGlobalSection
EndGlobal
